// !$*UTF8*$!
{
	archiveVersion = 1;
	classes = {
	};
	objectVersion = 56;
	objects = {

/* Begin PBXBuildFile section */
		F231AA912B3200550074CE05 /* Mapper.swift in Sources */ = {isa = PBXBuildFile; fileRef = F231AA902B3200550074CE05 /* Mapper.swift */; };
		F231AA932B3200950074CE05 /* Forecast.swift in Sources */ = {isa = PBXBuildFile; fileRef = F231AA922B3200950074CE05 /* Forecast.swift */; };
		F231AA952B3200C30074CE05 /* Mappers.swift in Sources */ = {isa = PBXBuildFile; fileRef = F231AA942B3200C30074CE05 /* Mappers.swift */; };
		F235A3F12B1F92BC0021AF51 /* TemperatureDto.swift in Sources */ = {isa = PBXBuildFile; fileRef = F235A3EC2B1F92BC0021AF51 /* TemperatureDto.swift */; };
		F235A3F22B1F92BC0021AF51 /* ForecastDto.swift in Sources */ = {isa = PBXBuildFile; fileRef = F235A3ED2B1F92BC0021AF51 /* ForecastDto.swift */; };
		F235A3F32B1F92BC0021AF51 /* WeatherDto.swift in Sources */ = {isa = PBXBuildFile; fileRef = F235A3EE2B1F92BC0021AF51 /* WeatherDto.swift */; };
		F235A3F42B1F92BC0021AF51 /* CityDto.swift in Sources */ = {isa = PBXBuildFile; fileRef = F235A3EF2B1F92BC0021AF51 /* CityDto.swift */; };
		F235A3F52B1F92BC0021AF51 /* DayForecastDto.swift in Sources */ = {isa = PBXBuildFile; fileRef = F235A3F02B1F92BC0021AF51 /* DayForecastDto.swift */; };
		F235A3F72B1F93B90021AF51 /* OpenWeatherRepository.swift in Sources */ = {isa = PBXBuildFile; fileRef = F235A3F62B1F93B90021AF51 /* OpenWeatherRepository.swift */; };
		F235A3FA2B1F9DC70021AF51 /* Image+ext.swift in Sources */ = {isa = PBXBuildFile; fileRef = F235A3F92B1F9DC70021AF51 /* Image+ext.swift */; };
		F235A3FC2B1FA6720021AF51 /* Text+ext.swift in Sources */ = {isa = PBXBuildFile; fileRef = F235A3FB2B1FA6720021AF51 /* Text+ext.swift */; };
		F235A3FE2B1FA8240021AF51 /* DayForecast.swift in Sources */ = {isa = PBXBuildFile; fileRef = F235A3FD2B1FA8240021AF51 /* DayForecast.swift */; };
		F2A7ED8F2B166A00005470CB /* PogodaApp.swift in Sources */ = {isa = PBXBuildFile; fileRef = F2A7ED8E2B166A00005470CB /* PogodaApp.swift */; };
		F2A7ED912B166A00005470CB /* ContentView.swift in Sources */ = {isa = PBXBuildFile; fileRef = F2A7ED902B166A00005470CB /* ContentView.swift */; };
		F2A7ED932B166A02005470CB /* Assets.xcassets in Resources */ = {isa = PBXBuildFile; fileRef = F2A7ED922B166A02005470CB /* Assets.xcassets */; };
		F2A7ED962B166A02005470CB /* Preview Assets.xcassets in Resources */ = {isa = PBXBuildFile; fileRef = F2A7ED952B166A02005470CB /* Preview Assets.xcassets */; };
		F2A7ED9F2B16716F005470CB /* ViewModel.swift in Sources */ = {isa = PBXBuildFile; fileRef = F2A7ED9E2B16716F005470CB /* ViewModel.swift */; };
		F2B816FD2B32102E00AB0E40 /* LocationProvider.swift in Sources */ = {isa = PBXBuildFile; fileRef = F2B816FC2B32102E00AB0E40 /* LocationProvider.swift */; };
		F2B816FF2B3216FE00AB0E40 /* Settings.swift in Sources */ = {isa = PBXBuildFile; fileRef = F2B816FE2B3216FE00AB0E40 /* Settings.swift */; };
/* End PBXBuildFile section */

/* Begin PBXFileReference section */
		F231AA902B3200550074CE05 /* Mapper.swift */ = {isa = PBXFileReference; lastKnownFileType = sourcecode.swift; path = Mapper.swift; sourceTree = "<group>"; };
		F231AA922B3200950074CE05 /* Forecast.swift */ = {isa = PBXFileReference; lastKnownFileType = sourcecode.swift; path = Forecast.swift; sourceTree = "<group>"; };
		F231AA942B3200C30074CE05 /* Mappers.swift */ = {isa = PBXFileReference; lastKnownFileType = sourcecode.swift; path = Mappers.swift; sourceTree = "<group>"; };
		F235A3EC2B1F92BC0021AF51 /* TemperatureDto.swift */ = {isa = PBXFileReference; fileEncoding = 4; lastKnownFileType = sourcecode.swift; path = TemperatureDto.swift; sourceTree = "<group>"; };
		F235A3ED2B1F92BC0021AF51 /* ForecastDto.swift */ = {isa = PBXFileReference; fileEncoding = 4; lastKnownFileType = sourcecode.swift; path = ForecastDto.swift; sourceTree = "<group>"; };
		F235A3EE2B1F92BC0021AF51 /* WeatherDto.swift */ = {isa = PBXFileReference; fileEncoding = 4; lastKnownFileType = sourcecode.swift; path = WeatherDto.swift; sourceTree = "<group>"; };
		F235A3EF2B1F92BC0021AF51 /* CityDto.swift */ = {isa = PBXFileReference; fileEncoding = 4; lastKnownFileType = sourcecode.swift; path = CityDto.swift; sourceTree = "<group>"; };
		F235A3F02B1F92BC0021AF51 /* DayForecastDto.swift */ = {isa = PBXFileReference; fileEncoding = 4; lastKnownFileType = sourcecode.swift; path = DayForecastDto.swift; sourceTree = "<group>"; };
		F235A3F62B1F93B90021AF51 /* OpenWeatherRepository.swift */ = {isa = PBXFileReference; lastKnownFileType = sourcecode.swift; path = OpenWeatherRepository.swift; sourceTree = "<group>"; };
		F235A3F92B1F9DC70021AF51 /* Image+ext.swift */ = {isa = PBXFileReference; lastKnownFileType = sourcecode.swift; path = "Image+ext.swift"; sourceTree = "<group>"; };
		F235A3FB2B1FA6720021AF51 /* Text+ext.swift */ = {isa = PBXFileReference; lastKnownFileType = sourcecode.swift; path = "Text+ext.swift"; sourceTree = "<group>"; };
		F235A3FD2B1FA8240021AF51 /* DayForecast.swift */ = {isa = PBXFileReference; lastKnownFileType = sourcecode.swift; path = DayForecast.swift; sourceTree = "<group>"; };
		F2A7ED8B2B166A00005470CB /* Pogoda.app */ = {isa = PBXFileReference; explicitFileType = wrapper.application; includeInIndex = 0; path = Pogoda.app; sourceTree = BUILT_PRODUCTS_DIR; };
		F2A7ED8E2B166A00005470CB /* PogodaApp.swift */ = {isa = PBXFileReference; lastKnownFileType = sourcecode.swift; path = PogodaApp.swift; sourceTree = "<group>"; };
		F2A7ED902B166A00005470CB /* ContentView.swift */ = {isa = PBXFileReference; lastKnownFileType = sourcecode.swift; path = ContentView.swift; sourceTree = "<group>"; };
		F2A7ED922B166A02005470CB /* Assets.xcassets */ = {isa = PBXFileReference; lastKnownFileType = folder.assetcatalog; path = Assets.xcassets; sourceTree = "<group>"; };
		F2A7ED952B166A02005470CB /* Preview Assets.xcassets */ = {isa = PBXFileReference; lastKnownFileType = folder.assetcatalog; path = "Preview Assets.xcassets"; sourceTree = "<group>"; };
		F2A7ED9E2B16716F005470CB /* ViewModel.swift */ = {isa = PBXFileReference; lastKnownFileType = sourcecode.swift; path = ViewModel.swift; sourceTree = "<group>"; };
		F2B816FC2B32102E00AB0E40 /* LocationProvider.swift */ = {isa = PBXFileReference; lastKnownFileType = sourcecode.swift; path = LocationProvider.swift; sourceTree = "<group>"; };
		F2B816FE2B3216FE00AB0E40 /* Settings.swift */ = {isa = PBXFileReference; lastKnownFileType = sourcecode.swift; path = Settings.swift; sourceTree = "<group>"; };
/* End PBXFileReference section */

/* Begin PBXFrameworksBuildPhase section */
		F2A7ED882B166A00005470CB /* Frameworks */ = {
			isa = PBXFrameworksBuildPhase;
			buildActionMask = 2147483647;
			files = (
			);
			runOnlyForDeploymentPostprocessing = 0;
		};
/* End PBXFrameworksBuildPhase section */

/* Begin PBXGroup section */
		F235A3EA2B1F92BC0021AF51 /* data */ = {
			isa = PBXGroup;
			children = (
				F235A3EB2B1F92BC0021AF51 /* dto */,
				F235A3F62B1F93B90021AF51 /* OpenWeatherRepository.swift */,
				F235A3FD2B1FA8240021AF51 /* DayForecast.swift */,
				F231AA902B3200550074CE05 /* Mapper.swift */,
				F231AA922B3200950074CE05 /* Forecast.swift */,
				F231AA942B3200C30074CE05 /* Mappers.swift */,
				F2B816FC2B32102E00AB0E40 /* LocationProvider.swift */,
			);
			path = data;
			sourceTree = "<group>";
		};
		F235A3EB2B1F92BC0021AF51 /* dto */ = {
			isa = PBXGroup;
			children = (
				F235A3EC2B1F92BC0021AF51 /* TemperatureDto.swift */,
				F235A3ED2B1F92BC0021AF51 /* ForecastDto.swift */,
				F235A3EE2B1F92BC0021AF51 /* WeatherDto.swift */,
				F235A3EF2B1F92BC0021AF51 /* CityDto.swift */,
				F235A3F02B1F92BC0021AF51 /* DayForecastDto.swift */,
			);
			path = dto;
			sourceTree = "<group>";
		};
		F235A3F82B1F9D9F0021AF51 /* Extensions */ = {
			isa = PBXGroup;
			children = (
				F235A3F92B1F9DC70021AF51 /* Image+ext.swift */,
				F235A3FB2B1FA6720021AF51 /* Text+ext.swift */,
			);
			path = Extensions;
			sourceTree = "<group>";
		};
		F2A7ED822B166A00005470CB = {
			isa = PBXGroup;
			children = (
				F2A7ED8D2B166A00005470CB /* Pogoda */,
				F2A7ED8C2B166A00005470CB /* Products */,
			);
			sourceTree = "<group>";
		};
		F2A7ED8C2B166A00005470CB /* Products */ = {
			isa = PBXGroup;
			children = (
				F2A7ED8B2B166A00005470CB /* Pogoda.app */,
			);
			name = Products;
			sourceTree = "<group>";
		};
		F2A7ED8D2B166A00005470CB /* Pogoda */ = {
			isa = PBXGroup;
			children = (
				F235A3F82B1F9D9F0021AF51 /* Extensions */,
				F235A3EA2B1F92BC0021AF51 /* data */,
				F2A7ED8E2B166A00005470CB /* PogodaApp.swift */,
				F2A7ED902B166A00005470CB /* ContentView.swift */,
				F2A7ED922B166A02005470CB /* Assets.xcassets */,
				F2A7ED942B166A02005470CB /* Preview Content */,
				F2A7ED9E2B16716F005470CB /* ViewModel.swift */,
				F2B816FE2B3216FE00AB0E40 /* Settings.swift */,
			);
			path = Pogoda;
			sourceTree = "<group>";
		};
		F2A7ED942B166A02005470CB /* Preview Content */ = {
			isa = PBXGroup;
			children = (
				F2A7ED952B166A02005470CB /* Preview Assets.xcassets */,
			);
			path = "Preview Content";
			sourceTree = "<group>";
		};
/* End PBXGroup section */

/* Begin PBXNativeTarget section */
		F2A7ED8A2B166A00005470CB /* Pogoda */ = {
			isa = PBXNativeTarget;
			buildConfigurationList = F2A7ED992B166A02005470CB /* Build configuration list for PBXNativeTarget "Pogoda" */;
			buildPhases = (
				F2A7ED872B166A00005470CB /* Sources */,
				F2A7ED882B166A00005470CB /* Frameworks */,
				F2A7ED892B166A00005470CB /* Resources */,
			);
			buildRules = (
			);
			dependencies = (
			);
			name = Pogoda;
			productName = Pogoda;
			productReference = F2A7ED8B2B166A00005470CB /* Pogoda.app */;
			productType = "com.apple.product-type.application";
		};
/* End PBXNativeTarget section */

/* Begin PBXProject section */
		F2A7ED832B166A00005470CB /* Project object */ = {
			isa = PBXProject;
			attributes = {
				BuildIndependentTargetsInParallel = 1;
				LastSwiftUpdateCheck = 1500;
				LastUpgradeCheck = 1500;
				TargetAttributes = {
					F2A7ED8A2B166A00005470CB = {
						CreatedOnToolsVersion = 15.0;
					};
				};
			};
			buildConfigurationList = F2A7ED862B166A00005470CB /* Build configuration list for PBXProject "Pogoda" */;
			compatibilityVersion = "Xcode 14.0";
			developmentRegion = en;
			hasScannedForEncodings = 0;
			knownRegions = (
				en,
				Base,
			);
			mainGroup = F2A7ED822B166A00005470CB;
			productRefGroup = F2A7ED8C2B166A00005470CB /* Products */;
			projectDirPath = "";
			projectRoot = "";
			targets = (
				F2A7ED8A2B166A00005470CB /* Pogoda */,
			);
		};
/* End PBXProject section */

/* Begin PBXResourcesBuildPhase section */
		F2A7ED892B166A00005470CB /* Resources */ = {
			isa = PBXResourcesBuildPhase;
			buildActionMask = 2147483647;
			files = (
				F2A7ED962B166A02005470CB /* Preview Assets.xcassets in Resources */,
				F2A7ED932B166A02005470CB /* Assets.xcassets in Resources */,
			);
			runOnlyForDeploymentPostprocessing = 0;
		};
/* End PBXResourcesBuildPhase section */

/* Begin PBXSourcesBuildPhase section */
		F2A7ED872B166A00005470CB /* Sources */ = {
			isa = PBXSourcesBuildPhase;
			buildActionMask = 2147483647;
			files = (
				F235A3F42B1F92BC0021AF51 /* CityDto.swift in Sources */,
				F235A3F22B1F92BC0021AF51 /* ForecastDto.swift in Sources */,
				F231AA932B3200950074CE05 /* Forecast.swift in Sources */,
				F2B816FF2B3216FE00AB0E40 /* Settings.swift in Sources */,
				F235A3F32B1F92BC0021AF51 /* WeatherDto.swift in Sources */,
				F2A7ED912B166A00005470CB /* ContentView.swift in Sources */,
				F2B816FD2B32102E00AB0E40 /* LocationProvider.swift in Sources */,
				F231AA952B3200C30074CE05 /* Mappers.swift in Sources */,
				F2A7ED9F2B16716F005470CB /* ViewModel.swift in Sources */,
				F235A3FC2B1FA6720021AF51 /* Text+ext.swift in Sources */,
				F231AA912B3200550074CE05 /* Mapper.swift in Sources */,
				F235A3FE2B1FA8240021AF51 /* DayForecast.swift in Sources */,
				F235A3F52B1F92BC0021AF51 /* DayForecastDto.swift in Sources */,
				F2A7ED8F2B166A00005470CB /* PogodaApp.swift in Sources */,
				F235A3FA2B1F9DC70021AF51 /* Image+ext.swift in Sources */,
				F235A3F12B1F92BC0021AF51 /* TemperatureDto.swift in Sources */,
				F235A3F72B1F93B90021AF51 /* OpenWeatherRepository.swift in Sources */,
			);
			runOnlyForDeploymentPostprocessing = 0;
		};
/* End PBXSourcesBuildPhase section */

/* Begin XCBuildConfiguration section */
		F2A7ED972B166A02005470CB /* Debug */ = {
			isa = XCBuildConfiguration;
			buildSettings = {
				ALWAYS_SEARCH_USER_PATHS = NO;
				ASSETCATALOG_COMPILER_GENERATE_SWIFT_ASSET_SYMBOL_EXTENSIONS = YES;
				CLANG_ANALYZER_NONNULL = YES;
				CLANG_ANALYZER_NUMBER_OBJECT_CONVERSION = YES_AGGRESSIVE;
				CLANG_CXX_LANGUAGE_STANDARD = "gnu++20";
				CLANG_ENABLE_MODULES = YES;
				CLANG_ENABLE_OBJC_ARC = YES;
				CLANG_ENABLE_OBJC_WEAK = YES;
				CLANG_WARN_BLOCK_CAPTURE_AUTORELEASING = YES;
				CLANG_WARN_BOOL_CONVERSION = YES;
				CLANG_WARN_COMMA = YES;
				CLANG_WARN_CONSTANT_CONVERSION = YES;
				CLANG_WARN_DEPRECATED_OBJC_IMPLEMENTATIONS = YES;
				CLANG_WARN_DIRECT_OBJC_ISA_USAGE = YES_ERROR;
				CLANG_WARN_DOCUMENTATION_COMMENTS = YES;
				CLANG_WARN_EMPTY_BODY = YES;
				CLANG_WARN_ENUM_CONVERSION = YES;
				CLANG_WARN_INFINITE_RECURSION = YES;
				CLANG_WARN_INT_CONVERSION = YES;
				CLANG_WARN_NON_LITERAL_NULL_CONVERSION = YES;
				CLANG_WARN_OBJC_IMPLICIT_RETAIN_SELF = YES;
				CLANG_WARN_OBJC_LITERAL_CONVERSION = YES;
				CLANG_WARN_OBJC_ROOT_CLASS = YES_ERROR;
				CLANG_WARN_QUOTED_INCLUDE_IN_FRAMEWORK_HEADER = YES;
				CLANG_WARN_RANGE_LOOP_ANALYSIS = YES;
				CLANG_WARN_STRICT_PROTOTYPES = YES;
				CLANG_WARN_SUSPICIOUS_MOVE = YES;
				CLANG_WARN_UNGUARDED_AVAILABILITY = YES_AGGRESSIVE;
				CLANG_WARN_UNREACHABLE_CODE = YES;
				CLANG_WARN__DUPLICATE_METHOD_MATCH = YES;
				COPY_PHASE_STRIP = NO;
				DEBUG_INFORMATION_FORMAT = dwarf;
				ENABLE_STRICT_OBJC_MSGSEND = YES;
				ENABLE_TESTABILITY = YES;
				ENABLE_USER_SCRIPT_SANDBOXING = YES;
				GCC_C_LANGUAGE_STANDARD = gnu17;
				GCC_DYNAMIC_NO_PIC = NO;
				GCC_NO_COMMON_BLOCKS = YES;
				GCC_OPTIMIZATION_LEVEL = 0;
				GCC_PREPROCESSOR_DEFINITIONS = (
					"DEBUG=1",
					"$(inherited)",
				);
				GCC_WARN_64_TO_32_BIT_CONVERSION = YES;
				GCC_WARN_ABOUT_RETURN_TYPE = YES_ERROR;
				GCC_WARN_UNDECLARED_SELECTOR = YES;
				GCC_WARN_UNINITIALIZED_AUTOS = YES_AGGRESSIVE;
				GCC_WARN_UNUSED_FUNCTION = YES;
				GCC_WARN_UNUSED_VARIABLE = YES;
				IPHONEOS_DEPLOYMENT_TARGET = 17.0;
				LOCALIZATION_PREFERS_STRING_CATALOGS = YES;
				MTL_ENABLE_DEBUG_INFO = INCLUDE_SOURCE;
				MTL_FAST_MATH = YES;
				ONLY_ACTIVE_ARCH = YES;
				SDKROOT = iphoneos;
				SWIFT_ACTIVE_COMPILATION_CONDITIONS = "DEBUG $(inherited)";
				SWIFT_OPTIMIZATION_LEVEL = "-Onone";
			};
			name = Debug;
		};
		F2A7ED982B166A02005470CB /* Release */ = {
			isa = XCBuildConfiguration;
			buildSettings = {
				ALWAYS_SEARCH_USER_PATHS = NO;
				ASSETCATALOG_COMPILER_GENERATE_SWIFT_ASSET_SYMBOL_EXTENSIONS = YES;
				CLANG_ANALYZER_NONNULL = YES;
				CLANG_ANALYZER_NUMBER_OBJECT_CONVERSION = YES_AGGRESSIVE;
				CLANG_CXX_LANGUAGE_STANDARD = "gnu++20";
				CLANG_ENABLE_MODULES = YES;
				CLANG_ENABLE_OBJC_ARC = YES;
				CLANG_ENABLE_OBJC_WEAK = YES;
				CLANG_WARN_BLOCK_CAPTURE_AUTORELEASING = YES;
				CLANG_WARN_BOOL_CONVERSION = YES;
				CLANG_WARN_COMMA = YES;
				CLANG_WARN_CONSTANT_CONVERSION = YES;
				CLANG_WARN_DEPRECATED_OBJC_IMPLEMENTATIONS = YES;
				CLANG_WARN_DIRECT_OBJC_ISA_USAGE = YES_ERROR;
				CLANG_WARN_DOCUMENTATION_COMMENTS = YES;
				CLANG_WARN_EMPTY_BODY = YES;
				CLANG_WARN_ENUM_CONVERSION = YES;
				CLANG_WARN_INFINITE_RECURSION = YES;
				CLANG_WARN_INT_CONVERSION = YES;
				CLANG_WARN_NON_LITERAL_NULL_CONVERSION = YES;
				CLANG_WARN_OBJC_IMPLICIT_RETAIN_SELF = YES;
				CLANG_WARN_OBJC_LITERAL_CONVERSION = YES;
				CLANG_WARN_OBJC_ROOT_CLASS = YES_ERROR;
				CLANG_WARN_QUOTED_INCLUDE_IN_FRAMEWORK_HEADER = YES;
				CLANG_WARN_RANGE_LOOP_ANALYSIS = YES;
				CLANG_WARN_STRICT_PROTOTYPES = YES;
				CLANG_WARN_SUSPICIOUS_MOVE = YES;
				CLANG_WARN_UNGUARDED_AVAILABILITY = YES_AGGRESSIVE;
				CLANG_WARN_UNREACHABLE_CODE = YES;
				CLANG_WARN__DUPLICATE_METHOD_MATCH = YES;
				COPY_PHASE_STRIP = NO;
				DEBUG_INFORMATION_FORMAT = "dwarf-with-dsym";
				ENABLE_NS_ASSERTIONS = NO;
				ENABLE_STRICT_OBJC_MSGSEND = YES;
				ENABLE_USER_SCRIPT_SANDBOXING = YES;
				GCC_C_LANGUAGE_STANDARD = gnu17;
				GCC_NO_COMMON_BLOCKS = YES;
				GCC_WARN_64_TO_32_BIT_CONVERSION = YES;
				GCC_WARN_ABOUT_RETURN_TYPE = YES_ERROR;
				GCC_WARN_UNDECLARED_SELECTOR = YES;
				GCC_WARN_UNINITIALIZED_AUTOS = YES_AGGRESSIVE;
				GCC_WARN_UNUSED_FUNCTION = YES;
				GCC_WARN_UNUSED_VARIABLE = YES;
				IPHONEOS_DEPLOYMENT_TARGET = 17.0;
				LOCALIZATION_PREFERS_STRING_CATALOGS = YES;
				MTL_ENABLE_DEBUG_INFO = NO;
				MTL_FAST_MATH = YES;
				SDKROOT = iphoneos;
				SWIFT_COMPILATION_MODE = wholemodule;
				VALIDATE_PRODUCT = YES;
			};
			name = Release;
		};
		F2A7ED9A2B166A02005470CB /* Debug */ = {
			isa = XCBuildConfiguration;
			buildSettings = {
				ASSETCATALOG_COMPILER_APPICON_NAME = AppIcon;
				ASSETCATALOG_COMPILER_GLOBAL_ACCENT_COLOR_NAME = AccentColor;
				CODE_SIGN_STYLE = Automatic;
				CURRENT_PROJECT_VERSION = 1;
				DEVELOPMENT_ASSET_PATHS = "\"Pogoda/Preview Content\"";
				ENABLE_PREVIEWS = YES;
				GENERATE_INFOPLIST_FILE = YES;
				INFOPLIST_KEY_NSLocationWhenInUseUsageDescription = "Do pobrania aktualnej lookalizacji dla pogody";
				INFOPLIST_KEY_UIApplicationSceneManifest_Generation = YES;
				INFOPLIST_KEY_UIApplicationSupportsIndirectInputEvents = YES;
				INFOPLIST_KEY_UILaunchScreen_Generation = YES;
				INFOPLIST_KEY_UISupportedInterfaceOrientations_iPad = "UIInterfaceOrientationPortrait UIInterfaceOrientationPortraitUpsideDown UIInterfaceOrientationLandscapeLeft UIInterfaceOrientationLandscapeRight";
				INFOPLIST_KEY_UISupportedInterfaceOrientations_iPhone = "UIInterfaceOrientationPortrait UIInterfaceOrientationLandscapeLeft UIInterfaceOrientationLandscapeRight";
				LD_RUNPATH_SEARCH_PATHS = (
					"$(inherited)",
					"@executable_path/Frameworks",
				);
				MARKETING_VERSION = 1.0;
				PRODUCT_BUNDLE_IDENTIFIER = pl.edu.pjwstk.Pogoda;
				PRODUCT_NAME = "$(TARGET_NAME)";
				SWIFT_EMIT_LOC_STRINGS = YES;
				SWIFT_VERSION = 5.0;
				TARGETED_DEVICE_FAMILY = "1,2";
			};
			name = Debug;
		};
		F2A7ED9B2B166A02005470CB /* Release */ = {
			isa = XCBuildConfiguration;
			buildSettings = {
				ASSETCATALOG_COMPILER_APPICON_NAME = AppIcon;
				ASSETCATALOG_COMPILER_GLOBAL_ACCENT_COLOR_NAME = AccentColor;
				CODE_SIGN_STYLE = Automatic;
				CURRENT_PROJECT_VERSION = 1;
				DEVELOPMENT_ASSET_PATHS = "\"Pogoda/Preview Content\"";
				ENABLE_PREVIEWS = YES;
				GENERATE_INFOPLIST_FILE = YES;
				INFOPLIST_KEY_NSLocationWhenInUseUsageDescription = "Do pobrania aktualnej lookalizacji dla pogody";
				INFOPLIST_KEY_UIApplicationSceneManifest_Generation = YES;
				INFOPLIST_KEY_UIApplicationSupportsIndirectInputEvents = YES;
				INFOPLIST_KEY_UILaunchScreen_Generation = YES;
				INFOPLIST_KEY_UISupportedInterfaceOrientations_iPad = "UIInterfaceOrientationPortrait UIInterfaceOrientationPortraitUpsideDown UIInterfaceOrientationLandscapeLeft UIInterfaceOrientationLandscapeRight";
				INFOPLIST_KEY_UISupportedInterfaceOrientations_iPhone = "UIInterfaceOrientationPortrait UIInterfaceOrientationLandscapeLeft UIInterfaceOrientationLandscapeRight";
				LD_RUNPATH_SEARCH_PATHS = (
					"$(inherited)",
					"@executable_path/Frameworks",
				);
				MARKETING_VERSION = 1.0;
				PRODUCT_BUNDLE_IDENTIFIER = pl.edu.pjwstk.Pogoda;
				PRODUCT_NAME = "$(TARGET_NAME)";
				SWIFT_EMIT_LOC_STRINGS = YES;
				SWIFT_VERSION = 5.0;
				TARGETED_DEVICE_FAMILY = "1,2";
			};
			name = Release;
		};
/* End XCBuildConfiguration section */

/* Begin XCConfigurationList section */
		F2A7ED862B166A00005470CB /* Build configuration list for PBXProject "Pogoda" */ = {
			isa = XCConfigurationList;
			buildConfigurations = (
				F2A7ED972B166A02005470CB /* Debug */,
				F2A7ED982B166A02005470CB /* Release */,
			);
			defaultConfigurationIsVisible = 0;
			defaultConfigurationName = Release;
		};
		F2A7ED992B166A02005470CB /* Build configuration list for PBXNativeTarget "Pogoda" */ = {
			isa = XCConfigurationList;
			buildConfigurations = (
				F2A7ED9A2B166A02005470CB /* Debug */,
				F2A7ED9B2B166A02005470CB /* Release */,
			);
			defaultConfigurationIsVisible = 0;
			defaultConfigurationName = Release;
		};
/* End XCConfigurationList section */
	};
	rootObject = F2A7ED832B166A00005470CB /* Project object */;
}
